
Microsoft Visual Studio Solution File, Format Version 12.00
# Visual Studio Version 17
VisualStudioVersion = 17.10.35122.118
MinimumVisualStudioVersion = 10.0.40219.1
Project("{FAE04EC0-301F-11D3-BF4B-00C04F79EFBC}") = "WebApplication_api", "WebApplication_api\WebApplication_api.csproj", "{9351DECE-98CF-47C0-8550-48F240F7944F}"
EndProject
Global
	GlobalSection(SolutionConfigurationPlatforms) = preSolution
		Debug|Any CPU = Debug|Any CPU
		Release|Any CPU = Release|Any CPU
	EndGlobalSection
	GlobalSection(ProjectConfigurationPlatforms) = postSolution
		{9351DECE-98CF-47C0-8550-48F240F7944F}.Debug|Any CPU.ActiveCfg = Debug|Any CPU
		{9351DECE-98CF-47C0-8550-48F240F7944F}.Debug|Any CPU.Build.0 = Debug|Any CPU
		{9351DECE-98CF-47C0-8550-48F240F7944F}.Release|Any CPU.ActiveCfg = Release|Any CPU
		{9351DECE-98CF-47C0-8550-48F240F7944F}.Release|Any CPU.Build.0 = Release|Any CPU
	EndGlobalSection
	GlobalSection(SolutionProperties) = preSolution
		HideSolutionNode = FALSE
	EndGlobalSection
	GlobalSection(ExtensibilityGlobals) = postSolution
		SolutionGuid = {A558161D-0F4A-4FF0-AEF6-74481705BFC8}
	EndGlobalSection
EndGlobal
